lockfileVersion: '9.0'

settings:
  autoInstallPeers: true
  excludeLinksFromLockfile: false

importers:

  .:
    dependencies:
      xrpl:
        specifier: ^3.0.0
        version: 3.0.0

packages:

  '@noble/curves@1.4.0':
    resolution: {integrity: sha512-p+4cb332SFCrReJkCYe8Xzm0OWi4Jji5jVdIZRL/PmacmDkFNw6MrrV+gGpiPxLHbV+zKFRywUWbaseT+tZRXg==}

  '@noble/hashes@1.4.0':
    resolution: {integrity: sha512-V1JJ1WTRUqHHrOSh597hURcMqVKVGL/ea3kv0gSnEdsEZ0/+VyPghM1lMNGc00z7CIQorSvbKpuJkxvuHbvdbg==}
    engines: {node: '>= 16'}

  '@scure/base@1.1.6':
    resolution: {integrity: sha512-ok9AWwhcgYuGG3Zfhyqg+zwl+Wn5uE+dwC0NV/2qQkx4dABbb/bx96vWu8NSj+BNjjSjno+JRYRjle1jV08k3g==}

  '@scure/bip32@1.4.0':
    resolution: {integrity: sha512-sVUpc0Vq3tXCkDGYVWGIZTRfnvu8LoTDaev7vbwh0omSvVORONr960MQWdKqJDCReIEmTj3PAr73O3aoxz7OPg==}

  '@scure/bip39@1.3.0':
    resolution: {integrity: sha512-disdg7gHuTDZtY+ZdkmLpPCk7fxZSu3gBiEGuoC1XYxv9cGx3Z6cpTggCgW6odSOOIXCiDjuGejW+aJKCY/pIQ==}

  '@xrplf/isomorphic@1.0.0':
    resolution: {integrity: sha512-IyMsxyjkJK8YWq566KyuFuh/PUiLzQ02RbUO5qa+vEQb6zIAR9MzFwN7wBmBy7wmKkjligcdNDMG5EaBRH8FxQ==}
    engines: {node: '>=16.0.0'}

  '@xrplf/secret-numbers@1.0.0':
    resolution: {integrity: sha512-qsCLGyqe1zaq9j7PZJopK+iGTGRbk6akkg6iZXJJgxKwck0C5x5Gnwlb1HKYGOwPKyrXWpV6a2YmcpNpUFctGg==}

  bignumber.js@9.1.2:
    resolution: {integrity: sha512-2/mKyZH9K85bzOEfhXDBFZTGd1CTs+5IHpeFQo9luiBG7hghdC851Pj2WAhb6E3R6b9tZj/XKhbg4fum+Kepug==}

  cross-fetch@4.0.0:
    resolution: {integrity: sha512-e4a5N8lVvuLgAWgnCrLr2PP0YyDOTHa9H/Rj54dirp61qXnNq46m82bRhNqIA5VccJtWBvPTFRV3TtvHUKPB1g==}

  eventemitter3@5.0.1:
    resolution: {integrity: sha512-GWkBvjiSZK87ELrYOSESUYeVIc9mvLLf/nXalMOS5dYrgZq9o5OVkbZAVM06CVxYsCwH9BDZFPlQTlPA1j4ahA==}

  node-fetch@2.7.0:
    resolution: {integrity: sha512-c4FRfUm/dbcWZ7U+1Wq0AwCyFL+3nt2bEw05wfxSz+DWpWsitgmSgYmy2dQdWyKC1694ELPqMs/YzUSNozLt8A==}
    engines: {node: 4.x || >=6.0.0}
    peerDependencies:
      encoding: ^0.1.0
    peerDependenciesMeta:
      encoding:
        optional: true

  ripple-address-codec@5.0.0:
    resolution: {integrity: sha512-de7osLRH/pt5HX2xw2TRJtbdLLWHu0RXirpQaEeCnWKY5DYHykh3ETSkofvm0aX0LJiV7kwkegJxQkmbO94gWw==}
    engines: {node: '>= 16'}

  ripple-binary-codec@2.0.0:
    resolution: {integrity: sha512-zakENc9A5dlW85uzrmQHrJehymhL59ftggboRNrjxFDJdlNJ6DSE210P3ys/9kL0oVtOzFnTrOPFfxHZeOsA/Q==}
    engines: {node: '>= 16'}

  ripple-keypairs@2.0.0:
    resolution: {integrity: sha512-b5rfL2EZiffmklqZk1W+dvSy97v3V/C7936WxCCgDynaGPp7GE6R2XO7EU9O2LlM/z95rj870IylYnOQs+1Rag==}
    engines: {node: '>= 16'}

  tr46@0.0.3:
    resolution: {integrity: sha512-N3WMsuqV66lT30CrXNbEjx4GEwlow3v6rr4mCcv6prnfwhS01rkgyFdjPNBYd9br7LpXV1+Emh01fHnq2Gdgrw==}

  webidl-conversions@3.0.1:
    resolution: {integrity: sha512-2JAn3z8AR6rjK8Sm8orRC0h/bcl/DqL7tRPdGZ4I1CjdF+EaMLmYxBHyXuKL849eucPFhvBoxMsflfOb8kxaeQ==}

  whatwg-url@5.0.0:
    resolution: {integrity: sha512-saE57nupxk6v3HY35+jzBwYa0rKSy0XR8JSxZPwgLr7ys0IBzhGviA1/TUGJLmSVqs8pb9AnvICXEuOHLprYTw==}

  ws@8.17.0:
    resolution: {integrity: sha512-uJq6108EgZMAl20KagGkzCKfMEjxmKvZHG7Tlq0Z6nOky7YF7aq4mOx6xK8TJ/i1LeK4Qus7INktacctDgY8Ow==}
    engines: {node: '>=10.0.0'}
    peerDependencies:
      bufferutil: ^4.0.1
      utf-8-validate: '>=5.0.2'
    peerDependenciesMeta:
      bufferutil:
        optional: true
      utf-8-validate:
        optional: true

  xrpl@3.0.0:
    resolution: {integrity: sha512-QC+dNx3tvMEn9IrxcXFFa0rWwvBwACkGFNKl+W2miMGYnlgSiIsnjdqwtG2WRs0Pyxs5dd9nBTQHyQ1BPxZ78A==}
    engines: {node: '>=16.0.0'}

snapshots:

  '@noble/curves@1.4.0':
    dependencies:
      '@noble/hashes': 1.4.0

  '@noble/hashes@1.4.0': {}

  '@scure/base@1.1.6': {}

  '@scure/bip32@1.4.0':
    dependencies:
      '@noble/curves': 1.4.0
      '@noble/hashes': 1.4.0
      '@scure/base': 1.1.6

  '@scure/bip39@1.3.0':
    dependencies:
      '@noble/hashes': 1.4.0
      '@scure/base': 1.1.6

  '@xrplf/isomorphic@1.0.0':
    dependencies:
      '@noble/hashes': 1.4.0
      eventemitter3: 5.0.1
      ws: 8.17.0
    transitivePeerDependencies:
      - bufferutil
      - utf-8-validate

  '@xrplf/secret-numbers@1.0.0':
    dependencies:
      '@xrplf/isomorphic': 1.0.0
      ripple-keypairs: 2.0.0
    transitivePeerDependencies:
      - bufferutil
      - utf-8-validate

  bignumber.js@9.1.2: {}

  cross-fetch@4.0.0:
    dependencies:
      node-fetch: 2.7.0
    transitivePeerDependencies:
      - encoding

  eventemitter3@5.0.1: {}

  node-fetch@2.7.0:
    dependencies:
      whatwg-url: 5.0.0

  ripple-address-codec@5.0.0:
    dependencies:
      '@scure/base': 1.1.6
      '@xrplf/isomorphic': 1.0.0
    transitivePeerDependencies:
      - bufferutil
      - utf-8-validate

  ripple-binary-codec@2.0.0:
    dependencies:
      '@xrplf/isomorphic': 1.0.0
      bignumber.js: 9.1.2
      ripple-address-codec: 5.0.0
    transitivePeerDependencies:
      - bufferutil
      - utf-8-validate

  ripple-keypairs@2.0.0:
    dependencies:
      '@noble/curves': 1.4.0
      '@xrplf/isomorphic': 1.0.0
      ripple-address-codec: 5.0.0
    transitivePeerDependencies:
      - bufferutil
      - utf-8-validate

  tr46@0.0.3: {}

  webidl-conversions@3.0.1: {}

  whatwg-url@5.0.0:
    dependencies:
      tr46: 0.0.3
      webidl-conversions: 3.0.1

  ws@8.17.0: {}

  xrpl@3.0.0:
    dependencies:
      '@scure/bip32': 1.4.0
      '@scure/bip39': 1.3.0
      '@xrplf/isomorphic': 1.0.0
      '@xrplf/secret-numbers': 1.0.0
      bignumber.js: 9.1.2
      cross-fetch: 4.0.0
      eventemitter3: 5.0.1
      ripple-address-codec: 5.0.0
      ripple-binary-codec: 2.0.0
      ripple-keypairs: 2.0.0
    transitivePeerDependencies:
      - bufferutil
      - encoding
      - utf-8-validate
